
Microsoft Visual Studio Solution File, Format Version 12.00
# Visual Studio 15
Project("{FAE04EC0-301F-11D3-BF4B-00C04F79EFBC}") = "Assembly-CSharp", "Assembly-CSharp.csproj", "{81C01C84-2585-559B-9F2B-C348B579A12B}"
EndProject
Project("{FAE04EC0-301F-11D3-BF4B-00C04F79EFBC}") = "Assembly-CSharp-Editor", "Assembly-CSharp-Editor.csproj", "{014805EA-D7BC-B1AF-1451-E59D399249B7}"
EndProject
Global
	GlobalSection(SolutionConfigurationPlatforms) = preSolution
		Debug|Any CPU = Debug|Any CPU
		Release|Any CPU = Release|Any CPU
	EndGlobalSection
	GlobalSection(ProjectConfigurationPlatforms) = postSolution
		{81C01C84-2585-559B-9F2B-C348B579A12B}.Debug|Any CPU.ActiveCfg = Debug|Any CPU
		{81C01C84-2585-559B-9F2B-C348B579A12B}.Debug|Any CPU.Build.0 = Debug|Any CPU
		{81C01C84-2585-559B-9F2B-C348B579A12B}.Release|Any CPU.ActiveCfg = Release|Any CPU
		{81C01C84-2585-559B-9F2B-C348B579A12B}.Release|Any CPU.Build.0 = Release|Any CPU
		{014805EA-D7BC-B1AF-1451-E59D399249B7}.Debug|Any CPU.ActiveCfg = Debug|Any CPU
		{014805EA-D7BC-B1AF-1451-E59D399249B7}.Debug|Any CPU.Build.0 = Debug|Any CPU
		{014805EA-D7BC-B1AF-1451-E59D399249B7}.Release|Any CPU.ActiveCfg = Release|Any CPU
		{014805EA-D7BC-B1AF-1451-E59D399249B7}.Release|Any CPU.Build.0 = Release|Any CPU
	EndGlobalSection
	GlobalSection(SolutionProperties) = preSolution
		HideSolutionNode = FALSE
	EndGlobalSection
EndGlobal
